# This file is automatically @generated by Poetry 2.1.3 and should not be changed by hand.

[[package]]
name = "asgiref"
version = "3.8.1"
description = "ASGI specs, helper code, and adapters"
optional = false
python-versions = ">=3.8"
groups = ["main"]
files = [
    {file = "asgiref-3.8.1-py3-none-any.whl", hash = "sha256:3e1e3ecc849832fe52ccf2cb6686b7a55f82bb1d6aee72a58826471390335e47"},
    {file = "asgiref-3.8.1.tar.gz", hash = "sha256:c343bd80a0bec947a9860adb4c432ffa7db769836c64238fc34bdc3fec84d590"},
]

[package.extras]
tests = ["mypy (>=0.800)", "pytest", "pytest-asyncio"]

[[package]]
name = "astroid"
version = "3.3.10"
description = "An abstract syntax tree for Python with inference support."
optional = false
python-versions = ">=3.9.0"
groups = ["dev"]
files = [
    {file = "astroid-3.3.10-py3-none-any.whl", hash = "sha256:104fb9cb9b27ea95e847a94c003be03a9e039334a8ebca5ee27dafaf5c5711eb"},
    {file = "astroid-3.3.10.tar.gz", hash = "sha256:c332157953060c6deb9caa57303ae0d20b0fbdb2e59b4a4f2a6ba49d0a7961ce"},
]

[[package]]
name = "colorama"
version = "0.4.6"
description = "Cross-platform colored terminal text."
optional = false
python-versions = "!=3.0.*,!=3.1.*,!=3.2.*,!=3.3.*,!=3.4.*,!=3.5.*,!=3.6.*,>=2.7"
groups = ["dev"]
markers = "sys_platform == \"win32\""
files = [
    {file = "colorama-0.4.6-py2.py3-none-any.whl", hash = "sha256:4f1d9991f5acc0ca119f9d443620b77f9d6b33703e51011c16baf57afb285fc6"},
    {file = "colorama-0.4.6.tar.gz", hash = "sha256:08695f5cb7ed6e0531a20572697297273c47b8cae5a63ffc6d6ed5c201be6e44"},
]

[[package]]
name = "dill"
version = "0.4.0"
description = "serialize all of Python"
optional = false
python-versions = ">=3.8"
groups = ["dev"]
files = [
    {file = "dill-0.4.0-py3-none-any.whl", hash = "sha256:44f54bf6412c2c8464c14e8243eb163690a9800dbe2c367330883b19c7561049"},
    {file = "dill-0.4.0.tar.gz", hash = "sha256:0633f1d2df477324f53a895b02c901fb961bdbf65a17122586ea7019292cbcf0"},
]

[package.extras]
graph = ["objgraph (>=1.7.2)"]
profile = ["gprof2dot (>=2022.7.29)"]

[[package]]
name = "django"
version = "5.2.1"
description = "A high-level Python web framework that encourages rapid development and clean, pragmatic design."
optional = false
python-versions = ">=3.10"
groups = ["main"]
files = [
    {file = "django-5.2.1-py3-none-any.whl", hash = "sha256:a9b680e84f9a0e71da83e399f1e922e1ab37b2173ced046b541c72e1589a5961"},
    {file = "django-5.2.1.tar.gz", hash = "sha256:57fe1f1b59462caed092c80b3dd324fd92161b620d59a9ba9181c34746c97284"},
]

[package.dependencies]
asgiref = ">=3.8.1"
sqlparse = ">=0.3.1"
tzdata = {version = "*", markers = "sys_platform == \"win32\""}

[package.extras]
argon2 = ["argon2-cffi (>=19.1.0)"]
bcrypt = ["bcrypt"]

[[package]]
name = "django-crum"
version = "0.7.9"
description = "Django middleware to capture current request and user."
optional = false
python-versions = "*"
groups = ["main"]
files = [
    {file = "django-crum-0.7.9.tar.gz", hash = "sha256:65e9bc0f070a663fafc4d9e357f45fd4e6f01838b20a9e2fb7670f5706754288"},
    {file = "django_crum-0.7.9-py2.py3-none-any.whl", hash = "sha256:037cc8b822975bb1d41cd24269b59a512cc77448fadc3f34ab9a17b229b4b471"},
]

[package.dependencies]
django = ">=1.8"

[[package]]
name = "django-tailwind"
version = "4.0.1"
description = "Tailwind CSS Framework for Django projects"
optional = false
python-versions = "<4.0,>=3.10"
groups = ["main"]
files = [
    {file = "django_tailwind-4.0.1-py3-none-any.whl", hash = "sha256:33e5dd5aadd5aa6facf4bddab9144a40cb501e486d4970b93e2853dbdbef4f67"},
    {file = "django_tailwind-4.0.1.tar.gz", hash = "sha256:e1f411246208056e8903f304f80a548eac2e5a3c4b6c4adb14eff21ac2dfdd6d"},
]

[package.dependencies]
django = ">=4.2.20"

[package.extras]
reload = ["django-browser-reload (>=1.18.0,<2.0.0)"]

[[package]]
name = "flake8"
version = "7.2.0"
description = "the modular source code checker: pep8 pyflakes and co"
optional = false
python-versions = ">=3.9"
groups = ["dev"]
files = [
    {file = "flake8-7.2.0-py2.py3-none-any.whl", hash = "sha256:93b92ba5bdb60754a6da14fa3b93a9361fd00a59632ada61fd7b130436c40343"},
    {file = "flake8-7.2.0.tar.gz", hash = "sha256:fa558ae3f6f7dbf2b4f22663e5343b6b6023620461f8d4ff2019ef4b5ee70426"},
]

[package.dependencies]
mccabe = ">=0.7.0,<0.8.0"
pycodestyle = ">=2.13.0,<2.14.0"
pyflakes = ">=3.3.0,<3.4.0"

[[package]]
name = "iniconfig"
version = "2.1.0"
description = "brain-dead simple config-ini parsing"
optional = false
python-versions = ">=3.8"
groups = ["dev"]
files = [
    {file = "iniconfig-2.1.0-py3-none-any.whl", hash = "sha256:9deba5723312380e77435581c6bf4935c94cbfab9b1ed33ef8d238ea168eb760"},
    {file = "iniconfig-2.1.0.tar.gz", hash = "sha256:3abbd2e30b36733fee78f9c7f7308f2d0050e88f0087fd25c2645f63c773e1c7"},
]

[[package]]
name = "isort"
version = "6.0.1"
description = "A Python utility / library to sort Python imports."
optional = false
python-versions = ">=3.9.0"
groups = ["dev"]
files = [
    {file = "isort-6.0.1-py3-none-any.whl", hash = "sha256:2dc5d7f65c9678d94c88dfc29161a320eec67328bc97aad576874cb4be1e9615"},
    {file = "isort-6.0.1.tar.gz", hash = "sha256:1cb5df28dfbc742e490c5e41bad6da41b805b0a8be7bc93cd0fb2a8a890ac450"},
]

[package.extras]
colors = ["colorama"]
plugins = ["setuptools"]

[[package]]
name = "mccabe"
version = "0.7.0"
description = "McCabe checker, plugin for flake8"
optional = false
python-versions = ">=3.6"
groups = ["dev"]
files = [
    {file = "mccabe-0.7.0-py2.py3-none-any.whl", hash = "sha256:6c2d30ab6be0e4a46919781807b4f0d834ebdd6c6e3dca0bda5a15f863427b6e"},
    {file = "mccabe-0.7.0.tar.gz", hash = "sha256:348e0240c33b60bbdf4e523192ef919f28cb2c3d7d5c7794f74009290f236325"},
]

[[package]]
name = "packaging"
version = "25.0"
description = "Core utilities for Python packages"
optional = false
python-versions = ">=3.8"
groups = ["dev"]
files = [
    {file = "packaging-25.0-py3-none-any.whl", hash = "sha256:29572ef2b1f17581046b3a2227d5c611fb25ec70ca1ba8554b24b0e69331a484"},
    {file = "packaging-25.0.tar.gz", hash = "sha256:d443872c98d677bf60f6a1f2f8c1cb748e8fe762d2bf9d3148b5599295b0fc4f"},
]

[[package]]
name = "platformdirs"
version = "4.3.8"
description = "A small Python package for determining appropriate platform-specific dirs, e.g. a `user data dir`."
optional = false
python-versions = ">=3.9"
groups = ["dev"]
files = [
    {file = "platformdirs-4.3.8-py3-none-any.whl", hash = "sha256:ff7059bb7eb1179e2685604f4aaf157cfd9535242bd23742eadc3c13542139b4"},
    {file = "platformdirs-4.3.8.tar.gz", hash = "sha256:3d512d96e16bcb959a814c9f348431070822a6496326a4be0911c40b5a74c2bc"},
]

[package.extras]
docs = ["furo (>=2024.8.6)", "proselint (>=0.14)", "sphinx (>=8.1.3)", "sphinx-autodoc-typehints (>=3)"]
test = ["appdirs (==1.4.4)", "covdefaults (>=2.3)", "pytest (>=8.3.4)", "pytest-cov (>=6)", "pytest-mock (>=3.14)"]
type = ["mypy (>=1.14.1)"]

[[package]]
name = "pluggy"
version = "1.6.0"
description = "plugin and hook calling mechanisms for python"
optional = false
python-versions = ">=3.9"
groups = ["dev"]
files = [
    {file = "pluggy-1.6.0-py3-none-any.whl", hash = "sha256:e920276dd6813095e9377c0bc5566d94c932c33b27a3e3945d8389c374dd4746"},
    {file = "pluggy-1.6.0.tar.gz", hash = "sha256:7dcc130b76258d33b90f61b658791dede3486c3e6bfb003ee5c9bfb396dd22f3"},
]

[package.extras]
dev = ["pre-commit", "tox"]
testing = ["coverage", "pytest", "pytest-benchmark"]

[[package]]
name = "pycodestyle"
version = "2.13.0"
description = "Python style guide checker"
optional = false
python-versions = ">=3.9"
groups = ["dev"]
files = [
    {file = "pycodestyle-2.13.0-py2.py3-none-any.whl", hash = "sha256:35863c5974a271c7a726ed228a14a4f6daf49df369d8c50cd9a6f58a5e143ba9"},
    {file = "pycodestyle-2.13.0.tar.gz", hash = "sha256:c8415bf09abe81d9c7f872502a6eee881fbe85d8763dd5b9924bb0a01d67efae"},
]

[[package]]
name = "pyflakes"
version = "3.3.2"
description = "passive checker of Python programs"
optional = false
python-versions = ">=3.9"
groups = ["dev"]
files = [
    {file = "pyflakes-3.3.2-py2.py3-none-any.whl", hash = "sha256:5039c8339cbb1944045f4ee5466908906180f13cc99cc9949348d10f82a5c32a"},
    {file = "pyflakes-3.3.2.tar.gz", hash = "sha256:6dfd61d87b97fba5dcfaaf781171ac16be16453be6d816147989e7f6e6a9576b"},
]

[[package]]
name = "pygments"
version = "2.19.1"
description = "Pygments is a syntax highlighting package written in Python."
optional = false
python-versions = ">=3.8"
groups = ["dev"]
files = [
    {file = "pygments-2.19.1-py3-none-any.whl", hash = "sha256:9ea1544ad55cecf4b8242fab6dd35a93bbce657034b0611ee383099054ab6d8c"},
    {file = "pygments-2.19.1.tar.gz", hash = "sha256:61c16d2a8576dc0649d9f39e089b5f02bcd27fba10d8fb4dcc28173f7a45151f"},
]

[package.extras]
windows-terminal = ["colorama (>=0.4.6)"]

[[package]]
name = "pylint"
version = "3.3.7"
description = "python code static checker"
optional = false
python-versions = ">=3.9.0"
groups = ["dev"]
files = [
    {file = "pylint-3.3.7-py3-none-any.whl", hash = "sha256:43860aafefce92fca4cf6b61fe199cdc5ae54ea28f9bf4cd49de267b5195803d"},
    {file = "pylint-3.3.7.tar.gz", hash = "sha256:2b11de8bde49f9c5059452e0c310c079c746a0a8eeaa789e5aa966ecc23e4559"},
]

[package.dependencies]
astroid = ">=3.3.8,<=3.4.0.dev0"
colorama = {version = ">=0.4.5", markers = "sys_platform == \"win32\""}
dill = {version = ">=0.3.7", markers = "python_version >= \"3.12\""}
isort = ">=4.2.5,<5.13 || >5.13,<7"
mccabe = ">=0.6,<0.8"
platformdirs = ">=2.2"
tomlkit = ">=0.10.1"

[package.extras]
spelling = ["pyenchant (>=3.2,<4.0)"]
testutils = ["gitpython (>3)"]

[[package]]
name = "pylint-django"
version = "2.6.1"
description = "A Pylint plugin to help Pylint understand the Django web framework"
optional = false
python-versions = "<4.0,>=3.9"
groups = ["dev"]
files = [
    {file = "pylint-django-2.6.1.tar.gz", hash = "sha256:19e8c85a8573a04e3de7be2ba91e9a7c818ebf05e1b617be2bbae67a906b725f"},
    {file = "pylint_django-2.6.1-py3-none-any.whl", hash = "sha256:359f68fe8c810ee6bc8e1ab4c83c19b15a43b234a24b08978f47a23462b5ce28"},
]

[package.dependencies]
pylint = ">=3.0,<4"
pylint-plugin-utils = ">=0.8"

[package.extras]
with-django = ["Django (>=2.2)"]

[[package]]
name = "pylint-plugin-utils"
version = "0.8.2"
description = "Utilities and helpers for writing Pylint plugins"
optional = false
python-versions = ">=3.7,<4.0"
groups = ["dev"]
files = [
    {file = "pylint_plugin_utils-0.8.2-py3-none-any.whl", hash = "sha256:ae11664737aa2effbf26f973a9e0b6779ab7106ec0adc5fe104b0907ca04e507"},
    {file = "pylint_plugin_utils-0.8.2.tar.gz", hash = "sha256:d3cebf68a38ba3fba23a873809155562571386d4c1b03e5b4c4cc26c3eee93e4"},
]

[package.dependencies]
pylint = ">=1.7"

[[package]]
name = "pytest"
version = "8.4.0"
description = "pytest: simple powerful testing with Python"
optional = false
python-versions = ">=3.9"
groups = ["dev"]
files = [
    {file = "pytest-8.4.0-py3-none-any.whl", hash = "sha256:f40f825768ad76c0977cbacdf1fd37c6f7a468e460ea6a0636078f8972d4517e"},
    {file = "pytest-8.4.0.tar.gz", hash = "sha256:14d920b48472ea0dbf68e45b96cd1ffda4705f33307dcc86c676c1b5104838a6"},
]

[package.dependencies]
colorama = {version = ">=0.4", markers = "sys_platform == \"win32\""}
iniconfig = ">=1"
packaging = ">=20"
pluggy = ">=1.5,<2"
pygments = ">=2.7.2"

[package.extras]
dev = ["argcomplete", "attrs (>=19.2)", "hypothesis (>=3.56)", "mock", "requests", "setuptools", "xmlschema"]

[[package]]
name = "sqlparse"
version = "0.5.3"
description = "A non-validating SQL parser."
optional = false
python-versions = ">=3.8"
groups = ["main"]
files = [
    {file = "sqlparse-0.5.3-py3-none-any.whl", hash = "sha256:cf2196ed3418f3ba5de6af7e82c694a9fbdbfecccdfc72e281548517081f16ca"},
    {file = "sqlparse-0.5.3.tar.gz", hash = "sha256:09f67787f56a0b16ecdbde1bfc7f5d9c3371ca683cfeaa8e6ff60b4807ec9272"},
]

[package.extras]
dev = ["build", "hatch"]
doc = ["sphinx"]

[[package]]
name = "tomlkit"
version = "0.13.2"
description = "Style preserving TOML library"
optional = false
python-versions = ">=3.8"
groups = ["dev"]
files = [
    {file = "tomlkit-0.13.2-py3-none-any.whl", hash = "sha256:7a974427f6e119197f670fbbbeae7bef749a6c14e793db934baefc1b5f03efde"},
    {file = "tomlkit-0.13.2.tar.gz", hash = "sha256:fff5fe59a87295b278abd31bec92c15d9bc4a06885ab12bcea52c71119392e79"},
]

[[package]]
name = "tzdata"
version = "2025.2"
description = "Provider of IANA time zone data"
optional = false
python-versions = ">=2"
groups = ["main"]
markers = "sys_platform == \"win32\""
files = [
    {file = "tzdata-2025.2-py2.py3-none-any.whl", hash = "sha256:1a403fada01ff9221ca8044d701868fa132215d84beb92242d9acd2147f667a8"},
    {file = "tzdata-2025.2.tar.gz", hash = "sha256:b60a638fcc0daffadf82fe0f57e53d06bdec2f36c4df66280ae79bce6bd6f2b9"},
]

[metadata]
lock-version = "2.1"
python-versions = "^3.12"
content-hash = "d98c4cc7330b0470514d41b09f9f23dca91b291f0921cbebcff87e3cfb817e70"
